// !$*UTF8*$!
{
	archiveVersion = 1;
	classes = {
	};
	objectVersion = 50;
	objects = {

/* Begin PBXBuildFile section */
		476FDB5C2490921500AD49E5 /* Bandori_concertAppView.swift in Sources */ = {isa = PBXBuildFile; fileRef = 476FDB5B2490921500AD49E5 /* Bandori_concertAppView.swift */; };
		49138B4B248929F500E217F3 /* Char.swift in Sources */ = {isa = PBXBuildFile; fileRef = 49138B4A248929F500E217F3 /* Char.swift */; };
		49138B4D24892A3C00E217F3 /* CharData.swift in Sources */ = {isa = PBXBuildFile; fileRef = 49138B4C24892A3C00E217F3 /* CharData.swift */; };
		49B9FBDC24728C7000B3754D /* AppView.swift in Sources */ = {isa = PBXBuildFile; fileRef = 49B9FBDB24728C7000B3754D /* AppView.swift */; };
		49B9FBDE247291F400B3754D /* VideoDetail.swift in Sources */ = {isa = PBXBuildFile; fileRef = 49B9FBDD247291F400B3754D /* VideoDetail.swift */; };
		49B9FBE02472980800B3754D /* coffee.swift in Sources */ = {isa = PBXBuildFile; fileRef = 49B9FBDF2472980800B3754D /* coffee.swift */; };
		49B9FBE2247298BA00B3754D /* CoffeeRow.swift in Sources */ = {isa = PBXBuildFile; fileRef = 49B9FBE1247298BA00B3754D /* CoffeeRow.swift */; };
		49B9FBE42472991B00B3754D /* CoffeeDetail.swift in Sources */ = {isa = PBXBuildFile; fileRef = 49B9FBE32472991B00B3754D /* CoffeeDetail.swift */; };
		49B9FBE62472997100B3754D /* CoffeeMainView.swift in Sources */ = {isa = PBXBuildFile; fileRef = 49B9FBE52472997100B3754D /* CoffeeMainView.swift */; };
		49B9FBE824729DC700B3754D /* Post.swift in Sources */ = {isa = PBXBuildFile; fileRef = 49B9FBE724729DC700B3754D /* Post.swift */; };
		49B9FBEA24729E1300B3754D /* PostRow.swift in Sources */ = {isa = PBXBuildFile; fileRef = 49B9FBE924729E1300B3754D /* PostRow.swift */; };
		49B9FBEC24729EDB00B3754D /* PostDetail.swift in Sources */ = {isa = PBXBuildFile; fileRef = 49B9FBEB24729EDB00B3754D /* PostDetail.swift */; };
		49B9FBEE24729F1500B3754D /* PostView.swift in Sources */ = {isa = PBXBuildFile; fileRef = 49B9FBED24729F1500B3754D /* PostView.swift */; };
		49C33277246D4F9C00DF1731 /* AppDelegate.swift in Sources */ = {isa = PBXBuildFile; fileRef = 49C33276246D4F9C00DF1731 /* AppDelegate.swift */; };
		49C33279246D4F9C00DF1731 /* SceneDelegate.swift in Sources */ = {isa = PBXBuildFile; fileRef = 49C33278246D4F9C00DF1731 /* SceneDelegate.swift */; };
		49C3327B246D4F9C00DF1731 /* ContentView.swift in Sources */ = {isa = PBXBuildFile; fileRef = 49C3327A246D4F9C00DF1731 /* ContentView.swift */; };
		49C3327D246D4F9F00DF1731 /* Assets.xcassets in Resources */ = {isa = PBXBuildFile; fileRef = 49C3327C246D4F9F00DF1731 /* Assets.xcassets */; };
		49C33280246D4F9F00DF1731 /* Preview Assets.xcassets in Resources */ = {isa = PBXBuildFile; fileRef = 49C3327F246D4F9F00DF1731 /* Preview Assets.xcassets */; };
		49C33283246D4F9F00DF1731 /* LaunchScreen.storyboard in Resources */ = {isa = PBXBuildFile; fileRef = 49C33281246D4F9F00DF1731 /* LaunchScreen.storyboard */; };
		49C3328B246D65E400DF1731 /* video.swift in Sources */ = {isa = PBXBuildFile; fileRef = 49C3328A246D65E400DF1731 /* video.swift */; };
		49C3328D246D6B0A00DF1731 /* VideoRow.swift in Sources */ = {isa = PBXBuildFile; fileRef = 49C3328C246D6B0A00DF1731 /* VideoRow.swift */; };
		49C33291246D747600DF1731 /* NetworkImage.swift in Sources */ = {isa = PBXBuildFile; fileRef = 49C33290246D747600DF1731 /* NetworkImage.swift */; };
		49C33293246D825100DF1731 /* song.swift in Sources */ = {isa = PBXBuildFile; fileRef = 49C33292246D825100DF1731 /* song.swift */; };
		49C33295246D828100DF1731 /* SongRow.swift in Sources */ = {isa = PBXBuildFile; fileRef = 49C33294246D828100DF1731 /* SongRow.swift */; };
		49C33297246D83B200DF1731 /* SongDetail.swift in Sources */ = {isa = PBXBuildFile; fileRef = 49C33296246D83B200DF1731 /* SongDetail.swift */; };
		49FF314B24768BCE0049C281 /* Forum.swift in Sources */ = {isa = PBXBuildFile; fileRef = 49FF314A24768BCE0049C281 /* Forum.swift */; };
		49FF314D24768DB10049C281 /* ForumRow.swift in Sources */ = {isa = PBXBuildFile; fileRef = 49FF314C24768DB10049C281 /* ForumRow.swift */; };
		49FF314F24768E690049C281 /* ForumDetail.swift in Sources */ = {isa = PBXBuildFile; fileRef = 49FF314E24768E690049C281 /* ForumDetail.swift */; };
		49FF315124768EBD0049C281 /* ForumView.swift in Sources */ = {isa = PBXBuildFile; fileRef = 49FF315024768EBD0049C281 /* ForumView.swift */; };
		49FF315324769A440049C281 /* WebView.swift in Sources */ = {isa = PBXBuildFile; fileRef = 49FF315224769A440049C281 /* WebView.swift */; };
		49FF315524769BA50049C281 /* PageTabView.swift in Sources */ = {isa = PBXBuildFile; fileRef = 49FF315424769BA50049C281 /* PageTabView.swift */; };
		49FF31572476A05C0049C281 /* PlayerView.swift in Sources */ = {isa = PBXBuildFile; fileRef = 49FF31562476A05C0049C281 /* PlayerView.swift */; };
		49FF31592476A0880049C281 /* ViedoTabView.swift in Sources */ = {isa = PBXBuildFile; fileRef = 49FF31582476A0880049C281 /* ViedoTabView.swift */; };
		49FF315B2476A1DB0049C281 /* SafariView.swift in Sources */ = {isa = PBXBuildFile; fileRef = 49FF315A2476A1DB0049C281 /* SafariView.swift */; };
		49FF315D2476A2D60049C281 /* SafariTabView.swift in Sources */ = {isa = PBXBuildFile; fileRef = 49FF315C2476A2D60049C281 /* SafariTabView.swift */; };
		49FF315F2476A4D80049C281 /* ImagePickerController.swift in Sources */ = {isa = PBXBuildFile; fileRef = 49FF315E2476A4D80049C281 /* ImagePickerController.swift */; };
		49FF31612476A5170049C281 /* ImagePickerTabView.swift in Sources */ = {isa = PBXBuildFile; fileRef = 49FF31602476A5170049C281 /* ImagePickerTabView.swift */; };
		558C9292247FBDF200989EF4 /* Bandori_member.swift in Sources */ = {isa = PBXBuildFile; fileRef = 558C9291247FBDF200989EF4 /* Bandori_member.swift */; };
		558C9294247FBF7100989EF4 /* Bandori_memberRow.swift in Sources */ = {isa = PBXBuildFile; fileRef = 558C9293247FBF7100989EF4 /* Bandori_memberRow.swift */; };
		558C9296247FBFD600989EF4 /* Bandori_memberDetail.swift in Sources */ = {isa = PBXBuildFile; fileRef = 558C9295247FBFD600989EF4 /* Bandori_memberDetail.swift */; };
		558C9298247FC02000989EF4 /* Bandori_memberView.swift in Sources */ = {isa = PBXBuildFile; fileRef = 558C9297247FC02000989EF4 /* Bandori_memberView.swift */; };
		558C929A247FCA1700989EF4 /* Bandori_memberView2.swift in Sources */ = {isa = PBXBuildFile; fileRef = 558C9299247FCA1700989EF4 /* Bandori_memberView2.swift */; };
		558C929E247FCB3D00989EF4 /* Bandori_memberView3.swift in Sources */ = {isa = PBXBuildFile; fileRef = 558C929D247FCB3D00989EF4 /* Bandori_memberView3.swift */; };
		558C92A0247FCC3300989EF4 /* Bandori_memberView4.swift in Sources */ = {isa = PBXBuildFile; fileRef = 558C929F247FCC3300989EF4 /* Bandori_memberView4.swift */; };
		558C92A2247FD04700989EF4 /* BandoriAppView.swift in Sources */ = {isa = PBXBuildFile; fileRef = 558C92A1247FD04700989EF4 /* BandoriAppView.swift */; };
		558C92A4247FD9D900989EF4 /* Bandori_memberAppView.swift in Sources */ = {isa = PBXBuildFile; fileRef = 558C92A3247FD9D900989EF4 /* Bandori_memberAppView.swift */; };
		558C92A8247FDD7300989EF4 /* Bandori_pictureAppView.swift in Sources */ = {isa = PBXBuildFile; fileRef = 558C92A7247FDD7300989EF4 /* Bandori_pictureAppView.swift */; };
		558C92AA247FE1BF00989EF4 /* Bandori_card.swift in Sources */ = {isa = PBXBuildFile; fileRef = 558C92A9247FE1BF00989EF4 /* Bandori_card.swift */; };
		558C92AE247FE63100989EF4 /* Bandori_cardRow.swift in Sources */ = {isa = PBXBuildFile; fileRef = 558C92AD247FE63100989EF4 /* Bandori_cardRow.swift */; };
		558C92B0247FE69000989EF4 /* Bandori_cardDetail.swift in Sources */ = {isa = PBXBuildFile; fileRef = 558C92AF247FE69000989EF4 /* Bandori_cardDetail.swift */; };
		558C92B2247FE71700989EF4 /* Bandori_cardView.swift in Sources */ = {isa = PBXBuildFile; fileRef = 558C92B1247FE71700989EF4 /* Bandori_cardView.swift */; };
		558C92B4247FED5200989EF4 /* Bandori_cardView2.swift in Sources */ = {isa = PBXBuildFile; fileRef = 558C92B3247FED5200989EF4 /* Bandori_cardView2.swift */; };
		558C92B6247FEDAE00989EF4 /* Bandori_cardView3.swift in Sources */ = {isa = PBXBuildFile; fileRef = 558C92B5247FEDAE00989EF4 /* Bandori_cardView3.swift */; };
		558C92B8247FEE0100989EF4 /* Bandori_cardView4.swift in Sources */ = {isa = PBXBuildFile; fileRef = 558C92B7247FEE0100989EF4 /* Bandori_cardView4.swift */; };
		558C92BA247FEE5100989EF4 /* Bandori_cardAppView.swift in Sources */ = {isa = PBXBuildFile; fileRef = 558C92B9247FEE5100989EF4 /* Bandori_cardAppView.swift */; };
		558C92BC247FF35000989EF4 /* QRcodeView.swift in Sources */ = {isa = PBXBuildFile; fileRef = 558C92BB247FF35000989EF4 /* QRcodeView.swift */; };
/* End PBXBuildFile section */

/* Begin PBXFileReference section */
		476FDB5B2490921500AD49E5 /* Bandori_concertAppView.swift */ = {isa = PBXFileReference; lastKnownFileType = sourcecode.swift; path = Bandori_concertAppView.swift; sourceTree = "<group>"; };
		49138B4A248929F500E217F3 /* Char.swift */ = {isa = PBXFileReference; lastKnownFileType = sourcecode.swift; path = Char.swift; sourceTree = "<group>"; };
		49138B4C24892A3C00E217F3 /* CharData.swift */ = {isa = PBXFileReference; lastKnownFileType = sourcecode.swift; path = CharData.swift; sourceTree = "<group>"; };
		49B9FBDB24728C7000B3754D /* AppView.swift */ = {isa = PBXFileReference; lastKnownFileType = sourcecode.swift; path = AppView.swift; sourceTree = "<group>"; };
		49B9FBDD247291F400B3754D /* VideoDetail.swift */ = {isa = PBXFileReference; lastKnownFileType = sourcecode.swift; path = VideoDetail.swift; sourceTree = "<group>"; };
		49B9FBDF2472980800B3754D /* coffee.swift */ = {isa = PBXFileReference; lastKnownFileType = sourcecode.swift; path = coffee.swift; sourceTree = "<group>"; };
		49B9FBE1247298BA00B3754D /* CoffeeRow.swift */ = {isa = PBXFileReference; lastKnownFileType = sourcecode.swift; path = CoffeeRow.swift; sourceTree = "<group>"; };
		49B9FBE32472991B00B3754D /* CoffeeDetail.swift */ = {isa = PBXFileReference; lastKnownFileType = sourcecode.swift; path = CoffeeDetail.swift; sourceTree = "<group>"; };
		49B9FBE52472997100B3754D /* CoffeeMainView.swift */ = {isa = PBXFileReference; lastKnownFileType = sourcecode.swift; path = CoffeeMainView.swift; sourceTree = "<group>"; };
		49B9FBE724729DC700B3754D /* Post.swift */ = {isa = PBXFileReference; lastKnownFileType = sourcecode.swift; path = Post.swift; sourceTree = "<group>"; };
		49B9FBE924729E1300B3754D /* PostRow.swift */ = {isa = PBXFileReference; lastKnownFileType = sourcecode.swift; path = PostRow.swift; sourceTree = "<group>"; };
		49B9FBEB24729EDB00B3754D /* PostDetail.swift */ = {isa = PBXFileReference; lastKnownFileType = sourcecode.swift; path = PostDetail.swift; sourceTree = "<group>"; };
		49B9FBED24729F1500B3754D /* PostView.swift */ = {isa = PBXFileReference; lastKnownFileType = sourcecode.swift; path = PostView.swift; sourceTree = "<group>"; };
		49C33273246D4F9C00DF1731 /* BanG Dream!介紹.app */ = {isa = PBXFileReference; explicitFileType = wrapper.application; includeInIndex = 0; path = "BanG Dream!介紹.app"; sourceTree = BUILT_PRODUCTS_DIR; };
		49C33276246D4F9C00DF1731 /* AppDelegate.swift */ = {isa = PBXFileReference; lastKnownFileType = sourcecode.swift; path = AppDelegate.swift; sourceTree = "<group>"; };
		49C33278246D4F9C00DF1731 /* SceneDelegate.swift */ = {isa = PBXFileReference; lastKnownFileType = sourcecode.swift; path = SceneDelegate.swift; sourceTree = "<group>"; };
		49C3327A246D4F9C00DF1731 /* ContentView.swift */ = {isa = PBXFileReference; lastKnownFileType = sourcecode.swift; path = ContentView.swift; sourceTree = "<group>"; };
		49C3327C246D4F9F00DF1731 /* Assets.xcassets */ = {isa = PBXFileReference; lastKnownFileType = folder.assetcatalog; path = Assets.xcassets; sourceTree = "<group>"; };
		49C3327F246D4F9F00DF1731 /* Preview Assets.xcassets */ = {isa = PBXFileReference; lastKnownFileType = folder.assetcatalog; path = "Preview Assets.xcassets"; sourceTree = "<group>"; };
		49C33282246D4F9F00DF1731 /* Base */ = {isa = PBXFileReference; lastKnownFileType = file.storyboard; name = Base; path = Base.lproj/LaunchScreen.storyboard; sourceTree = "<group>"; };
		49C33284246D4F9F00DF1731 /* Info.plist */ = {isa = PBXFileReference; lastKnownFileType = text.plist.xml; path = Info.plist; sourceTree = "<group>"; };
		49C3328A246D65E400DF1731 /* video.swift */ = {isa = PBXFileReference; lastKnownFileType = sourcecode.swift; path = video.swift; sourceTree = "<group>"; };
		49C3328C246D6B0A00DF1731 /* VideoRow.swift */ = {isa = PBXFileReference; lastKnownFileType = sourcecode.swift; path = VideoRow.swift; sourceTree = "<group>"; };
		49C33290246D747600DF1731 /* NetworkImage.swift */ = {isa = PBXFileReference; lastKnownFileType = sourcecode.swift; path = NetworkImage.swift; sourceTree = "<group>"; };
		49C33292246D825100DF1731 /* song.swift */ = {isa = PBXFileReference; lastKnownFileType = sourcecode.swift; path = song.swift; sourceTree = "<group>"; };
		49C33294246D828100DF1731 /* SongRow.swift */ = {isa = PBXFileReference; lastKnownFileType = sourcecode.swift; path = SongRow.swift; sourceTree = "<group>"; };
		49C33296246D83B200DF1731 /* SongDetail.swift */ = {isa = PBXFileReference; lastKnownFileType = sourcecode.swift; path = SongDetail.swift; sourceTree = "<group>"; };
		49FF314A24768BCE0049C281 /* Forum.swift */ = {isa = PBXFileReference; lastKnownFileType = sourcecode.swift; path = Forum.swift; sourceTree = "<group>"; };
		49FF314C24768DB10049C281 /* ForumRow.swift */ = {isa = PBXFileReference; lastKnownFileType = sourcecode.swift; path = ForumRow.swift; sourceTree = "<group>"; };
		49FF314E24768E690049C281 /* ForumDetail.swift */ = {isa = PBXFileReference; lastKnownFileType = sourcecode.swift; path = ForumDetail.swift; sourceTree = "<group>"; };
		49FF315024768EBD0049C281 /* ForumView.swift */ = {isa = PBXFileReference; lastKnownFileType = sourcecode.swift; path = ForumView.swift; sourceTree = "<group>"; };
		49FF315224769A440049C281 /* WebView.swift */ = {isa = PBXFileReference; lastKnownFileType = sourcecode.swift; path = WebView.swift; sourceTree = "<group>"; };
		49FF315424769BA50049C281 /* PageTabView.swift */ = {isa = PBXFileReference; lastKnownFileType = sourcecode.swift; path = PageTabView.swift; sourceTree = "<group>"; };
		49FF31562476A05C0049C281 /* PlayerView.swift */ = {isa = PBXFileReference; lastKnownFileType = sourcecode.swift; path = PlayerView.swift; sourceTree = "<group>"; };
		49FF31582476A0880049C281 /* ViedoTabView.swift */ = {isa = PBXFileReference; lastKnownFileType = sourcecode.swift; path = ViedoTabView.swift; sourceTree = "<group>"; };
		49FF315A2476A1DB0049C281 /* SafariView.swift */ = {isa = PBXFileReference; lastKnownFileType = sourcecode.swift; path = SafariView.swift; sourceTree = "<group>"; };
		49FF315C2476A2D60049C281 /* SafariTabView.swift */ = {isa = PBXFileReference; lastKnownFileType = sourcecode.swift; path = SafariTabView.swift; sourceTree = "<group>"; };
		49FF315E2476A4D80049C281 /* ImagePickerController.swift */ = {isa = PBXFileReference; lastKnownFileType = sourcecode.swift; path = ImagePickerController.swift; sourceTree = "<group>"; };
		49FF31602476A5170049C281 /* ImagePickerTabView.swift */ = {isa = PBXFileReference; lastKnownFileType = sourcecode.swift; path = ImagePickerTabView.swift; sourceTree = "<group>"; };
		558C9291247FBDF200989EF4 /* Bandori_member.swift */ = {isa = PBXFileReference; lastKnownFileType = sourcecode.swift; path = Bandori_member.swift; sourceTree = "<group>"; };
		558C9293247FBF7100989EF4 /* Bandori_memberRow.swift */ = {isa = PBXFileReference; lastKnownFileType = sourcecode.swift; path = Bandori_memberRow.swift; sourceTree = "<group>"; };
		558C9295247FBFD600989EF4 /* Bandori_memberDetail.swift */ = {isa = PBXFileReference; lastKnownFileType = sourcecode.swift; path = Bandori_memberDetail.swift; sourceTree = "<group>"; };
		558C9297247FC02000989EF4 /* Bandori_memberView.swift */ = {isa = PBXFileReference; lastKnownFileType = sourcecode.swift; path = Bandori_memberView.swift; sourceTree = "<group>"; };
		558C9299247FCA1700989EF4 /* Bandori_memberView2.swift */ = {isa = PBXFileReference; lastKnownFileType = sourcecode.swift; path = Bandori_memberView2.swift; sourceTree = "<group>"; };
		558C929D247FCB3D00989EF4 /* Bandori_memberView3.swift */ = {isa = PBXFileReference; lastKnownFileType = sourcecode.swift; path = Bandori_memberView3.swift; sourceTree = "<group>"; };
		558C929F247FCC3300989EF4 /* Bandori_memberView4.swift */ = {isa = PBXFileReference; lastKnownFileType = sourcecode.swift; path = Bandori_memberView4.swift; sourceTree = "<group>"; };
		558C92A1247FD04700989EF4 /* BandoriAppView.swift */ = {isa = PBXFileReference; lastKnownFileType = sourcecode.swift; path = BandoriAppView.swift; sourceTree = "<group>"; };
		558C92A3247FD9D900989EF4 /* Bandori_memberAppView.swift */ = {isa = PBXFileReference; lastKnownFileType = sourcecode.swift; path = Bandori_memberAppView.swift; sourceTree = "<group>"; };
		558C92A7247FDD7300989EF4 /* Bandori_pictureAppView.swift */ = {isa = PBXFileReference; lastKnownFileType = sourcecode.swift; path = Bandori_pictureAppView.swift; sourceTree = "<group>"; };
		558C92A9247FE1BF00989EF4 /* Bandori_card.swift */ = {isa = PBXFileReference; lastKnownFileType = sourcecode.swift; path = Bandori_card.swift; sourceTree = "<group>"; };
		558C92AD247FE63100989EF4 /* Bandori_cardRow.swift */ = {isa = PBXFileReference; lastKnownFileType = sourcecode.swift; path = Bandori_cardRow.swift; sourceTree = "<group>"; };
		558C92AF247FE69000989EF4 /* Bandori_cardDetail.swift */ = {isa = PBXFileReference; lastKnownFileType = sourcecode.swift; path = Bandori_cardDetail.swift; sourceTree = "<group>"; };
		558C92B1247FE71700989EF4 /* Bandori_cardView.swift */ = {isa = PBXFileReference; lastKnownFileType = sourcecode.swift; path = Bandori_cardView.swift; sourceTree = "<group>"; };
		558C92B3247FED5200989EF4 /* Bandori_cardView2.swift */ = {isa = PBXFileReference; lastKnownFileType = sourcecode.swift; path = Bandori_cardView2.swift; sourceTree = "<group>"; };
		558C92B5247FEDAE00989EF4 /* Bandori_cardView3.swift */ = {isa = PBXFileReference; lastKnownFileType = sourcecode.swift; path = Bandori_cardView3.swift; sourceTree = "<group>"; };
		558C92B7247FEE0100989EF4 /* Bandori_cardView4.swift */ = {isa = PBXFileReference; lastKnownFileType = sourcecode.swift; path = Bandori_cardView4.swift; sourceTree = "<group>"; };
		558C92B9247FEE5100989EF4 /* Bandori_cardAppView.swift */ = {isa = PBXFileReference; lastKnownFileType = sourcecode.swift; path = Bandori_cardAppView.swift; sourceTree = "<group>"; };
		558C92BB247FF35000989EF4 /* QRcodeView.swift */ = {isa = PBXFileReference; lastKnownFileType = sourcecode.swift; path = QRcodeView.swift; sourceTree = "<group>"; };
/* End PBXFileReference section */

/* Begin PBXFrameworksBuildPhase section */
		49C33270246D4F9C00DF1731 /* Frameworks */ = {
			isa = PBXFrameworksBuildPhase;
			buildActionMask = 2147483647;
			files = (
			);
			runOnlyForDeploymentPostprocessing = 0;
		};
/* End PBXFrameworksBuildPhase section */

/* Begin PBXGroup section */
		49C3326A246D4F9C00DF1731 = {
			isa = PBXGroup;
			children = (
				49C33290246D747600DF1731 /* NetworkImage.swift */,
				49C3328A246D65E400DF1731 /* video.swift */,
				49C33292246D825100DF1731 /* song.swift */,
				558C9291247FBDF200989EF4 /* Bandori_member.swift */,
				558C92A9247FE1BF00989EF4 /* Bandori_card.swift */,
				49B9FBDF2472980800B3754D /* coffee.swift */,
				49B9FBE724729DC700B3754D /* Post.swift */,
				49FF314A24768BCE0049C281 /* Forum.swift */,
				49138B4A248929F500E217F3 /* Char.swift */,
				49138B4C24892A3C00E217F3 /* CharData.swift */,
				49C33275246D4F9C00DF1731 /* My_FinalProject_iOS_homework */,
				49C33274246D4F9C00DF1731 /* Products */,
			);
			sourceTree = "<group>";
		};
		49C33274246D4F9C00DF1731 /* Products */ = {
			isa = PBXGroup;
			children = (
				49C33273246D4F9C00DF1731 /* BanG Dream!介紹.app */,
			);
			name = Products;
			sourceTree = "<group>";
		};
		49C33275246D4F9C00DF1731 /* My_FinalProject_iOS_homework */ = {
			isa = PBXGroup;
			children = (
				49C33276246D4F9C00DF1731 /* AppDelegate.swift */,
				49C33278246D4F9C00DF1731 /* SceneDelegate.swift */,
				49C3328C246D6B0A00DF1731 /* VideoRow.swift */,
				49C33294246D828100DF1731 /* SongRow.swift */,
				49B9FBE1247298BA00B3754D /* CoffeeRow.swift */,
				49B9FBE924729E1300B3754D /* PostRow.swift */,
				558C9293247FBF7100989EF4 /* Bandori_memberRow.swift */,
				558C92AD247FE63100989EF4 /* Bandori_cardRow.swift */,
				49FF314C24768DB10049C281 /* ForumRow.swift */,
				49B9FBDB24728C7000B3754D /* AppView.swift */,
				558C92A1247FD04700989EF4 /* BandoriAppView.swift */,
				558C92A7247FDD7300989EF4 /* Bandori_pictureAppView.swift */,
				558C92A3247FD9D900989EF4 /* Bandori_memberAppView.swift */,
				558C92B9247FEE5100989EF4 /* Bandori_cardAppView.swift */,
				476FDB5B2490921500AD49E5 /* Bandori_concertAppView.swift */,
				558C92BB247FF35000989EF4 /* QRcodeView.swift */,
				49FF315E2476A4D80049C281 /* ImagePickerController.swift */,
				49FF31602476A5170049C281 /* ImagePickerTabView.swift */,
				49FF315224769A440049C281 /* WebView.swift */,
				49FF315424769BA50049C281 /* PageTabView.swift */,
				49FF31562476A05C0049C281 /* PlayerView.swift */,
				49FF315A2476A1DB0049C281 /* SafariView.swift */,
				49FF315C2476A2D60049C281 /* SafariTabView.swift */,
				49FF31582476A0880049C281 /* ViedoTabView.swift */,
				49B9FBE52472997100B3754D /* CoffeeMainView.swift */,
				49C3327A246D4F9C00DF1731 /* ContentView.swift */,
				49B9FBED24729F1500B3754D /* PostView.swift */,
				558C9297247FC02000989EF4 /* Bandori_memberView.swift */,
				558C9299247FCA1700989EF4 /* Bandori_memberView2.swift */,
				558C929D247FCB3D00989EF4 /* Bandori_memberView3.swift */,
				558C929F247FCC3300989EF4 /* Bandori_memberView4.swift */,
				558C92B1247FE71700989EF4 /* Bandori_cardView.swift */,
				558C92B3247FED5200989EF4 /* Bandori_cardView2.swift */,
				558C92B5247FEDAE00989EF4 /* Bandori_cardView3.swift */,
				558C92B7247FEE0100989EF4 /* Bandori_cardView4.swift */,
				49FF315024768EBD0049C281 /* ForumView.swift */,
				49C33296246D83B200DF1731 /* SongDetail.swift */,
				49B9FBDD247291F400B3754D /* VideoDetail.swift */,
				49B9FBE32472991B00B3754D /* CoffeeDetail.swift */,
				49B9FBEB24729EDB00B3754D /* PostDetail.swift */,
				558C9295247FBFD600989EF4 /* Bandori_memberDetail.swift */,
				558C92AF247FE69000989EF4 /* Bandori_cardDetail.swift */,
				49FF314E24768E690049C281 /* ForumDetail.swift */,
				49C3327C246D4F9F00DF1731 /* Assets.xcassets */,
				49C33281246D4F9F00DF1731 /* LaunchScreen.storyboard */,
				49C33284246D4F9F00DF1731 /* Info.plist */,
				49C3327E246D4F9F00DF1731 /* Preview Content */,
			);
			path = My_FinalProject_iOS_homework;
			sourceTree = "<group>";
		};
		49C3327E246D4F9F00DF1731 /* Preview Content */ = {
			isa = PBXGroup;
			children = (
				49C3327F246D4F9F00DF1731 /* Preview Assets.xcassets */,
			);
			path = "Preview Content";
			sourceTree = "<group>";
		};
/* End PBXGroup section */

/* Begin PBXNativeTarget section */
		49C33272246D4F9C00DF1731 /* My_FinalProject_iOS_homework */ = {
			isa = PBXNativeTarget;
			buildConfigurationList = 49C33287246D4F9F00DF1731 /* Build configuration list for PBXNativeTarget "My_FinalProject_iOS_homework" */;
			buildPhases = (
				49C3326F246D4F9C00DF1731 /* Sources */,
				49C33270246D4F9C00DF1731 /* Frameworks */,
				49C33271246D4F9C00DF1731 /* Resources */,
			);
			buildRules = (
			);
			dependencies = (
			);
			name = My_FinalProject_iOS_homework;
			productName = My_FinalProject_iOS_homework;
			productReference = 49C33273246D4F9C00DF1731 /* BanG Dream!介紹.app */;
			productType = "com.apple.product-type.application";
		};
/* End PBXNativeTarget section */

/* Begin PBXProject section */
		49C3326B246D4F9C00DF1731 /* Project object */ = {
			isa = PBXProject;
			attributes = {
				LastSwiftUpdateCheck = 1110;
				LastUpgradeCheck = 1110;
				ORGANIZATIONNAME = steven;
				TargetAttributes = {
					49C33272246D4F9C00DF1731 = {
						CreatedOnToolsVersion = 11.1;
					};
				};
			};
			buildConfigurationList = 49C3326E246D4F9C00DF1731 /* Build configuration list for PBXProject "My_FinalProject_iOS_homework" */;
			compatibilityVersion = "Xcode 9.3";
			developmentRegion = en;
			hasScannedForEncodings = 0;
			knownRegions = (
				en,
				Base,
			);
			mainGroup = 49C3326A246D4F9C00DF1731;
			productRefGroup = 49C33274246D4F9C00DF1731 /* Products */;
			projectDirPath = "";
			projectRoot = "";
			targets = (
				49C33272246D4F9C00DF1731 /* My_FinalProject_iOS_homework */,
			);
		};
/* End PBXProject section */

/* Begin PBXResourcesBuildPhase section */
		49C33271246D4F9C00DF1731 /* Resources */ = {
			isa = PBXResourcesBuildPhase;
			buildActionMask = 2147483647;
			files = (
				49C33283246D4F9F00DF1731 /* LaunchScreen.storyboard in Resources */,
				49C33280246D4F9F00DF1731 /* Preview Assets.xcassets in Resources */,
				49C3327D246D4F9F00DF1731 /* Assets.xcassets in Resources */,
			);
			runOnlyForDeploymentPostprocessing = 0;
		};
/* End PBXResourcesBuildPhase section */

/* Begin PBXSourcesBuildPhase section */
		49C3326F246D4F9C00DF1731 /* Sources */ = {
			isa = PBXSourcesBuildPhase;
			buildActionMask = 2147483647;
			files = (
				49FF315124768EBD0049C281 /* ForumView.swift in Sources */,
				558C92A8247FDD7300989EF4 /* Bandori_pictureAppView.swift in Sources */,
				49C33277246D4F9C00DF1731 /* AppDelegate.swift in Sources */,
				476FDB5C2490921500AD49E5 /* Bandori_concertAppView.swift in Sources */,
				49B9FBDE247291F400B3754D /* VideoDetail.swift in Sources */,
				49B9FBE62472997100B3754D /* CoffeeMainView.swift in Sources */,
				49C3328B246D65E400DF1731 /* video.swift in Sources */,
				558C9292247FBDF200989EF4 /* Bandori_member.swift in Sources */,
				49C3328D246D6B0A00DF1731 /* VideoRow.swift in Sources */,
				49FF31592476A0880049C281 /* ViedoTabView.swift in Sources */,
				558C92B8247FEE0100989EF4 /* Bandori_cardView4.swift in Sources */,
				558C92A4247FD9D900989EF4 /* Bandori_memberAppView.swift in Sources */,
				558C92B0247FE69000989EF4 /* Bandori_cardDetail.swift in Sources */,
				49FF315F2476A4D80049C281 /* ImagePickerController.swift in Sources */,
				49C33293246D825100DF1731 /* song.swift in Sources */,
				49FF31572476A05C0049C281 /* PlayerView.swift in Sources */,
				558C92A0247FCC3300989EF4 /* Bandori_memberView4.swift in Sources */,
				558C929A247FCA1700989EF4 /* Bandori_memberView2.swift in Sources */,
				49FF315524769BA50049C281 /* PageTabView.swift in Sources */,
				49C33297246D83B200DF1731 /* SongDetail.swift in Sources */,
				558C929E247FCB3D00989EF4 /* Bandori_memberView3.swift in Sources */,
				49C33279246D4F9C00DF1731 /* SceneDelegate.swift in Sources */,
				558C9294247FBF7100989EF4 /* Bandori_memberRow.swift in Sources */,
				49FF315324769A440049C281 /* WebView.swift in Sources */,
				558C92AE247FE63100989EF4 /* Bandori_cardRow.swift in Sources */,
				558C92BC247FF35000989EF4 /* QRcodeView.swift in Sources */,
				558C9298247FC02000989EF4 /* Bandori_memberView.swift in Sources */,
				49C33291246D747600DF1731 /* NetworkImage.swift in Sources */,
				49B9FBEE24729F1500B3754D /* PostView.swift in Sources */,
				558C92BA247FEE5100989EF4 /* Bandori_cardAppView.swift in Sources */,
				49C3327B246D4F9C00DF1731 /* ContentView.swift in Sources */,
				558C92B4247FED5200989EF4 /* Bandori_cardView2.swift in Sources */,
				49138B4B248929F500E217F3 /* Char.swift in Sources */,
				558C92B2247FE71700989EF4 /* Bandori_cardView.swift in Sources */,
				49B9FBEC24729EDB00B3754D /* PostDetail.swift in Sources */,
				49FF314F24768E690049C281 /* ForumDetail.swift in Sources */,
				49B9FBE2247298BA00B3754D /* CoffeeRow.swift in Sources */,
				49B9FBE824729DC700B3754D /* Post.swift in Sources */,
				49FF315B2476A1DB0049C281 /* SafariView.swift in Sources */,
				49FF314D24768DB10049C281 /* ForumRow.swift in Sources */,
				558C92AA247FE1BF00989EF4 /* Bandori_card.swift in Sources */,
				49B9FBE42472991B00B3754D /* CoffeeDetail.swift in Sources */,
				558C92B6247FEDAE00989EF4 /* Bandori_cardView3.swift in Sources */,
				558C92A2247FD04700989EF4 /* BandoriAppView.swift in Sources */,
				49FF31612476A5170049C281 /* ImagePickerTabView.swift in Sources */,
				49B9FBDC24728C7000B3754D /* AppView.swift in Sources */,
				49138B4D24892A3C00E217F3 /* CharData.swift in Sources */,
				49FF315D2476A2D60049C281 /* SafariTabView.swift in Sources */,
				49B9FBEA24729E1300B3754D /* PostRow.swift in Sources */,
				558C9296247FBFD600989EF4 /* Bandori_memberDetail.swift in Sources */,
				49C33295246D828100DF1731 /* SongRow.swift in Sources */,
				49B9FBE02472980800B3754D /* coffee.swift in Sources */,
				49FF314B24768BCE0049C281 /* Forum.swift in Sources */,
			);
			runOnlyForDeploymentPostprocessing = 0;
		};
/* End PBXSourcesBuildPhase section */

/* Begin PBXVariantGroup section */
		49C33281246D4F9F00DF1731 /* LaunchScreen.storyboard */ = {
			isa = PBXVariantGroup;
			children = (
				49C33282246D4F9F00DF1731 /* Base */,
			);
			name = LaunchScreen.storyboard;
			sourceTree = "<group>";
		};
/* End PBXVariantGroup section */

/* Begin XCBuildConfiguration section */
		49C33285246D4F9F00DF1731 /* Debug */ = {
			isa = XCBuildConfiguration;
			buildSettings = {
				ALWAYS_SEARCH_USER_PATHS = NO;
				CLANG_ANALYZER_NONNULL = YES;
				CLANG_ANALYZER_NUMBER_OBJECT_CONVERSION = YES_AGGRESSIVE;
				CLANG_CXX_LANGUAGE_STANDARD = "gnu++14";
				CLANG_CXX_LIBRARY = "libc++";
				CLANG_ENABLE_MODULES = YES;
				CLANG_ENABLE_OBJC_ARC = YES;
				CLANG_ENABLE_OBJC_WEAK = YES;
				CLANG_WARN_BLOCK_CAPTURE_AUTORELEASING = YES;
				CLANG_WARN_BOOL_CONVERSION = YES;
				CLANG_WARN_COMMA = YES;
				CLANG_WARN_CONSTANT_CONVERSION = YES;
				CLANG_WARN_DEPRECATED_OBJC_IMPLEMENTATIONS = YES;
				CLANG_WARN_DIRECT_OBJC_ISA_USAGE = YES_ERROR;
				CLANG_WARN_DOCUMENTATION_COMMENTS = YES;
				CLANG_WARN_EMPTY_BODY = YES;
				CLANG_WARN_ENUM_CONVERSION = YES;
				CLANG_WARN_INFINITE_RECURSION = YES;
				CLANG_WARN_INT_CONVERSION = YES;
				CLANG_WARN_NON_LITERAL_NULL_CONVERSION = YES;
				CLANG_WARN_OBJC_IMPLICIT_RETAIN_SELF = YES;
				CLANG_WARN_OBJC_LITERAL_CONVERSION = YES;
				CLANG_WARN_OBJC_ROOT_CLASS = YES_ERROR;
				CLANG_WARN_RANGE_LOOP_ANALYSIS = YES;
				CLANG_WARN_STRICT_PROTOTYPES = YES;
				CLANG_WARN_SUSPICIOUS_MOVE = YES;
				CLANG_WARN_UNGUARDED_AVAILABILITY = YES_AGGRESSIVE;
				CLANG_WARN_UNREACHABLE_CODE = YES;
				CLANG_WARN__DUPLICATE_METHOD_MATCH = YES;
				COPY_PHASE_STRIP = NO;
				DEBUG_INFORMATION_FORMAT = dwarf;
				ENABLE_STRICT_OBJC_MSGSEND = YES;
				ENABLE_TESTABILITY = YES;
				GCC_C_LANGUAGE_STANDARD = gnu11;
				GCC_DYNAMIC_NO_PIC = NO;
				GCC_NO_COMMON_BLOCKS = YES;
				GCC_OPTIMIZATION_LEVEL = 0;
				GCC_PREPROCESSOR_DEFINITIONS = (
					"DEBUG=1",
					"$(inherited)",
				);
				GCC_WARN_64_TO_32_BIT_CONVERSION = YES;
				GCC_WARN_ABOUT_RETURN_TYPE = YES_ERROR;
				GCC_WARN_UNDECLARED_SELECTOR = YES;
				GCC_WARN_UNINITIALIZED_AUTOS = YES_AGGRESSIVE;
				GCC_WARN_UNUSED_FUNCTION = YES;
				GCC_WARN_UNUSED_VARIABLE = YES;
				IPHONEOS_DEPLOYMENT_TARGET = 13.1;
				MTL_ENABLE_DEBUG_INFO = INCLUDE_SOURCE;
				MTL_FAST_MATH = YES;
				ONLY_ACTIVE_ARCH = YES;
				SDKROOT = iphoneos;
				SWIFT_ACTIVE_COMPILATION_CONDITIONS = DEBUG;
				SWIFT_OPTIMIZATION_LEVEL = "-Onone";
			};
			name = Debug;
		};
		49C33286246D4F9F00DF1731 /* Release */ = {
			isa = XCBuildConfiguration;
			buildSettings = {
				ALWAYS_SEARCH_USER_PATHS = NO;
				CLANG_ANALYZER_NONNULL = YES;
				CLANG_ANALYZER_NUMBER_OBJECT_CONVERSION = YES_AGGRESSIVE;
				CLANG_CXX_LANGUAGE_STANDARD = "gnu++14";
				CLANG_CXX_LIBRARY = "libc++";
				CLANG_ENABLE_MODULES = YES;
				CLANG_ENABLE_OBJC_ARC = YES;
				CLANG_ENABLE_OBJC_WEAK = YES;
				CLANG_WARN_BLOCK_CAPTURE_AUTORELEASING = YES;
				CLANG_WARN_BOOL_CONVERSION = YES;
				CLANG_WARN_COMMA = YES;
				CLANG_WARN_CONSTANT_CONVERSION = YES;
				CLANG_WARN_DEPRECATED_OBJC_IMPLEMENTATIONS = YES;
				CLANG_WARN_DIRECT_OBJC_ISA_USAGE = YES_ERROR;
				CLANG_WARN_DOCUMENTATION_COMMENTS = YES;
				CLANG_WARN_EMPTY_BODY = YES;
				CLANG_WARN_ENUM_CONVERSION = YES;
				CLANG_WARN_INFINITE_RECURSION = YES;
				CLANG_WARN_INT_CONVERSION = YES;
				CLANG_WARN_NON_LITERAL_NULL_CONVERSION = YES;
				CLANG_WARN_OBJC_IMPLICIT_RETAIN_SELF = YES;
				CLANG_WARN_OBJC_LITERAL_CONVERSION = YES;
				CLANG_WARN_OBJC_ROOT_CLASS = YES_ERROR;
				CLANG_WARN_RANGE_LOOP_ANALYSIS = YES;
				CLANG_WARN_STRICT_PROTOTYPES = YES;
				CLANG_WARN_SUSPICIOUS_MOVE = YES;
				CLANG_WARN_UNGUARDED_AVAILABILITY = YES_AGGRESSIVE;
				CLANG_WARN_UNREACHABLE_CODE = YES;
				CLANG_WARN__DUPLICATE_METHOD_MATCH = YES;
				COPY_PHASE_STRIP = NO;
				DEBUG_INFORMATION_FORMAT = "dwarf-with-dsym";
				ENABLE_NS_ASSERTIONS = NO;
				ENABLE_STRICT_OBJC_MSGSEND = YES;
				GCC_C_LANGUAGE_STANDARD = gnu11;
				GCC_NO_COMMON_BLOCKS = YES;
				GCC_WARN_64_TO_32_BIT_CONVERSION = YES;
				GCC_WARN_ABOUT_RETURN_TYPE = YES_ERROR;
				GCC_WARN_UNDECLARED_SELECTOR = YES;
				GCC_WARN_UNINITIALIZED_AUTOS = YES_AGGRESSIVE;
				GCC_WARN_UNUSED_FUNCTION = YES;
				GCC_WARN_UNUSED_VARIABLE = YES;
				IPHONEOS_DEPLOYMENT_TARGET = 13.1;
				MTL_ENABLE_DEBUG_INFO = NO;
				MTL_FAST_MATH = YES;
				SDKROOT = iphoneos;
				SWIFT_COMPILATION_MODE = wholemodule;
				SWIFT_OPTIMIZATION_LEVEL = "-O";
				VALIDATE_PRODUCT = YES;
			};
			name = Release;
		};
		49C33288246D4F9F00DF1731 /* Debug */ = {
			isa = XCBuildConfiguration;
			buildSettings = {
				ASSETCATALOG_COMPILER_APPICON_NAME = AppIcon;
				CODE_SIGN_STYLE = Automatic;
				DEVELOPMENT_ASSET_PATHS = "\"My_FinalProject_iOS_homework/Preview Content\"";
				ENABLE_PREVIEWS = YES;
				INFOPLIST_FILE = My_FinalProject_iOS_homework/Info.plist;
				LD_RUNPATH_SEARCH_PATHS = (
					"$(inherited)",
					"@executable_path/Frameworks",
				);
				PRODUCT_BUNDLE_IDENTIFIER = "com.steven.My-FinalProject-iOS-homework";
				PRODUCT_NAME = "BanG Dream!介紹";
				SWIFT_VERSION = 5.0;
				TARGETED_DEVICE_FAMILY = "1,2";
			};
			name = Debug;
		};
		49C33289246D4F9F00DF1731 /* Release */ = {
			isa = XCBuildConfiguration;
			buildSettings = {
				ASSETCATALOG_COMPILER_APPICON_NAME = AppIcon;
				CODE_SIGN_STYLE = Automatic;
				DEVELOPMENT_ASSET_PATHS = "\"My_FinalProject_iOS_homework/Preview Content\"";
				ENABLE_PREVIEWS = YES;
				INFOPLIST_FILE = My_FinalProject_iOS_homework/Info.plist;
				LD_RUNPATH_SEARCH_PATHS = (
					"$(inherited)",
					"@executable_path/Frameworks",
				);
				PRODUCT_BUNDLE_IDENTIFIER = "com.steven.My-FinalProject-iOS-homework";
				PRODUCT_NAME = "BanG Dream!介紹";
				SWIFT_VERSION = 5.0;
				TARGETED_DEVICE_FAMILY = "1,2";
			};
			name = Release;
		};
/* End XCBuildConfiguration section */

/* Begin XCConfigurationList section */
		49C3326E246D4F9C00DF1731 /* Build configuration list for PBXProject "My_FinalProject_iOS_homework" */ = {
			isa = XCConfigurationList;
			buildConfigurations = (
				49C33285246D4F9F00DF1731 /* Debug */,
				49C33286246D4F9F00DF1731 /* Release */,
			);
			defaultConfigurationIsVisible = 0;
			defaultConfigurationName = Release;
		};
		49C33287246D4F9F00DF1731 /* Build configuration list for PBXNativeTarget "My_FinalProject_iOS_homework" */ = {
			isa = XCConfigurationList;
			buildConfigurations = (
				49C33288246D4F9F00DF1731 /* Debug */,
				49C33289246D4F9F00DF1731 /* Release */,
			);
			defaultConfigurationIsVisible = 0;
			defaultConfigurationName = Release;
		};
/* End XCConfigurationList section */
	};
	rootObject = 49C3326B246D4F9C00DF1731 /* Project object */;
}
