// !$*UTF8*$!
{
	archiveVersion = 1;
	classes = {
	};
	objectVersion = 50;
	objects = {

/* Begin PBXBuildFile section */
		49B9FBDC24728C7000B3754D /* AppView.swift in Sources */ = {isa = PBXBuildFile; fileRef = 49B9FBDB24728C7000B3754D /* AppView.swift */; };
		49B9FBDE247291F400B3754D /* VideoDetail.swift in Sources */ = {isa = PBXBuildFile; fileRef = 49B9FBDD247291F400B3754D /* VideoDetail.swift */; };
		49B9FBE02472980800B3754D /* coffee.swift in Sources */ = {isa = PBXBuildFile; fileRef = 49B9FBDF2472980800B3754D /* coffee.swift */; };
		49B9FBE2247298BA00B3754D /* CoffeeRow.swift in Sources */ = {isa = PBXBuildFile; fileRef = 49B9FBE1247298BA00B3754D /* CoffeeRow.swift */; };
		49B9FBE42472991B00B3754D /* CoffeeDetail.swift in Sources */ = {isa = PBXBuildFile; fileRef = 49B9FBE32472991B00B3754D /* CoffeeDetail.swift */; };
		49B9FBE62472997100B3754D /* CoffeeMainView.swift in Sources */ = {isa = PBXBuildFile; fileRef = 49B9FBE52472997100B3754D /* CoffeeMainView.swift */; };
		49B9FBE824729DC700B3754D /* Post.swift in Sources */ = {isa = PBXBuildFile; fileRef = 49B9FBE724729DC700B3754D /* Post.swift */; };
		49B9FBEA24729E1300B3754D /* PostRow.swift in Sources */ = {isa = PBXBuildFile; fileRef = 49B9FBE924729E1300B3754D /* PostRow.swift */; };
		49B9FBEC24729EDB00B3754D /* PostDetail.swift in Sources */ = {isa = PBXBuildFile; fileRef = 49B9FBEB24729EDB00B3754D /* PostDetail.swift */; };
		49B9FBEE24729F1500B3754D /* PostView.swift in Sources */ = {isa = PBXBuildFile; fileRef = 49B9FBED24729F1500B3754D /* PostView.swift */; };
		49C33277246D4F9C00DF1731 /* AppDelegate.swift in Sources */ = {isa = PBXBuildFile; fileRef = 49C33276246D4F9C00DF1731 /* AppDelegate.swift */; };
		49C33279246D4F9C00DF1731 /* SceneDelegate.swift in Sources */ = {isa = PBXBuildFile; fileRef = 49C33278246D4F9C00DF1731 /* SceneDelegate.swift */; };
		49C3327B246D4F9C00DF1731 /* ContentView.swift in Sources */ = {isa = PBXBuildFile; fileRef = 49C3327A246D4F9C00DF1731 /* ContentView.swift */; };
		49C3327D246D4F9F00DF1731 /* Assets.xcassets in Resources */ = {isa = PBXBuildFile; fileRef = 49C3327C246D4F9F00DF1731 /* Assets.xcassets */; };
		49C33280246D4F9F00DF1731 /* Preview Assets.xcassets in Resources */ = {isa = PBXBuildFile; fileRef = 49C3327F246D4F9F00DF1731 /* Preview Assets.xcassets */; };
		49C33283246D4F9F00DF1731 /* LaunchScreen.storyboard in Resources */ = {isa = PBXBuildFile; fileRef = 49C33281246D4F9F00DF1731 /* LaunchScreen.storyboard */; };
		49C3328B246D65E400DF1731 /* video.swift in Sources */ = {isa = PBXBuildFile; fileRef = 49C3328A246D65E400DF1731 /* video.swift */; };
		49C3328D246D6B0A00DF1731 /* VideoRow.swift in Sources */ = {isa = PBXBuildFile; fileRef = 49C3328C246D6B0A00DF1731 /* VideoRow.swift */; };
		49C33291246D747600DF1731 /* NetworkImage.swift in Sources */ = {isa = PBXBuildFile; fileRef = 49C33290246D747600DF1731 /* NetworkImage.swift */; };
		49C33293246D825100DF1731 /* song.swift in Sources */ = {isa = PBXBuildFile; fileRef = 49C33292246D825100DF1731 /* song.swift */; };
		49C33295246D828100DF1731 /* SongRow.swift in Sources */ = {isa = PBXBuildFile; fileRef = 49C33294246D828100DF1731 /* SongRow.swift */; };
		49C33297246D83B200DF1731 /* SongDetail.swift in Sources */ = {isa = PBXBuildFile; fileRef = 49C33296246D83B200DF1731 /* SongDetail.swift */; };
/* End PBXBuildFile section */

/* Begin PBXFileReference section */
		49B9FBDB24728C7000B3754D /* AppView.swift */ = {isa = PBXFileReference; lastKnownFileType = sourcecode.swift; path = AppView.swift; sourceTree = "<group>"; };
		49B9FBDD247291F400B3754D /* VideoDetail.swift */ = {isa = PBXFileReference; lastKnownFileType = sourcecode.swift; path = VideoDetail.swift; sourceTree = "<group>"; };
		49B9FBDF2472980800B3754D /* coffee.swift */ = {isa = PBXFileReference; lastKnownFileType = sourcecode.swift; path = coffee.swift; sourceTree = "<group>"; };
		49B9FBE1247298BA00B3754D /* CoffeeRow.swift */ = {isa = PBXFileReference; lastKnownFileType = sourcecode.swift; path = CoffeeRow.swift; sourceTree = "<group>"; };
		49B9FBE32472991B00B3754D /* CoffeeDetail.swift */ = {isa = PBXFileReference; lastKnownFileType = sourcecode.swift; path = CoffeeDetail.swift; sourceTree = "<group>"; };
		49B9FBE52472997100B3754D /* CoffeeMainView.swift */ = {isa = PBXFileReference; lastKnownFileType = sourcecode.swift; path = CoffeeMainView.swift; sourceTree = "<group>"; };
		49B9FBE724729DC700B3754D /* Post.swift */ = {isa = PBXFileReference; lastKnownFileType = sourcecode.swift; path = Post.swift; sourceTree = "<group>"; };
		49B9FBE924729E1300B3754D /* PostRow.swift */ = {isa = PBXFileReference; lastKnownFileType = sourcecode.swift; path = PostRow.swift; sourceTree = "<group>"; };
		49B9FBEB24729EDB00B3754D /* PostDetail.swift */ = {isa = PBXFileReference; lastKnownFileType = sourcecode.swift; path = PostDetail.swift; sourceTree = "<group>"; };
		49B9FBED24729F1500B3754D /* PostView.swift */ = {isa = PBXFileReference; lastKnownFileType = sourcecode.swift; path = PostView.swift; sourceTree = "<group>"; };
		49C33273246D4F9C00DF1731 /* My_FinalProject_iOS_homework.app */ = {isa = PBXFileReference; explicitFileType = wrapper.application; includeInIndex = 0; path = My_FinalProject_iOS_homework.app; sourceTree = BUILT_PRODUCTS_DIR; };
		49C33276246D4F9C00DF1731 /* AppDelegate.swift */ = {isa = PBXFileReference; lastKnownFileType = sourcecode.swift; path = AppDelegate.swift; sourceTree = "<group>"; };
		49C33278246D4F9C00DF1731 /* SceneDelegate.swift */ = {isa = PBXFileReference; lastKnownFileType = sourcecode.swift; path = SceneDelegate.swift; sourceTree = "<group>"; };
		49C3327A246D4F9C00DF1731 /* ContentView.swift */ = {isa = PBXFileReference; lastKnownFileType = sourcecode.swift; path = ContentView.swift; sourceTree = "<group>"; };
		49C3327C246D4F9F00DF1731 /* Assets.xcassets */ = {isa = PBXFileReference; lastKnownFileType = folder.assetcatalog; path = Assets.xcassets; sourceTree = "<group>"; };
		49C3327F246D4F9F00DF1731 /* Preview Assets.xcassets */ = {isa = PBXFileReference; lastKnownFileType = folder.assetcatalog; path = "Preview Assets.xcassets"; sourceTree = "<group>"; };
		49C33282246D4F9F00DF1731 /* Base */ = {isa = PBXFileReference; lastKnownFileType = file.storyboard; name = Base; path = Base.lproj/LaunchScreen.storyboard; sourceTree = "<group>"; };
		49C33284246D4F9F00DF1731 /* Info.plist */ = {isa = PBXFileReference; lastKnownFileType = text.plist.xml; path = Info.plist; sourceTree = "<group>"; };
		49C3328A246D65E400DF1731 /* video.swift */ = {isa = PBXFileReference; lastKnownFileType = sourcecode.swift; path = video.swift; sourceTree = "<group>"; };
		49C3328C246D6B0A00DF1731 /* VideoRow.swift */ = {isa = PBXFileReference; lastKnownFileType = sourcecode.swift; path = VideoRow.swift; sourceTree = "<group>"; };
		49C33290246D747600DF1731 /* NetworkImage.swift */ = {isa = PBXFileReference; lastKnownFileType = sourcecode.swift; path = NetworkImage.swift; sourceTree = "<group>"; };
		49C33292246D825100DF1731 /* song.swift */ = {isa = PBXFileReference; lastKnownFileType = sourcecode.swift; path = song.swift; sourceTree = "<group>"; };
		49C33294246D828100DF1731 /* SongRow.swift */ = {isa = PBXFileReference; lastKnownFileType = sourcecode.swift; path = SongRow.swift; sourceTree = "<group>"; };
		49C33296246D83B200DF1731 /* SongDetail.swift */ = {isa = PBXFileReference; lastKnownFileType = sourcecode.swift; path = SongDetail.swift; sourceTree = "<group>"; };
/* End PBXFileReference section */

/* Begin PBXFrameworksBuildPhase section */
		49C33270246D4F9C00DF1731 /* Frameworks */ = {
			isa = PBXFrameworksBuildPhase;
			buildActionMask = 2147483647;
			files = (
			);
			runOnlyForDeploymentPostprocessing = 0;
		};
/* End PBXFrameworksBuildPhase section */

/* Begin PBXGroup section */
		49C3326A246D4F9C00DF1731 = {
			isa = PBXGroup;
			children = (
				49C33290246D747600DF1731 /* NetworkImage.swift */,
				49C3328A246D65E400DF1731 /* video.swift */,
				49C33292246D825100DF1731 /* song.swift */,
				49B9FBDF2472980800B3754D /* coffee.swift */,
				49B9FBE724729DC700B3754D /* Post.swift */,
				49C33275246D4F9C00DF1731 /* My_FinalProject_iOS_homework */,
				49C33274246D4F9C00DF1731 /* Products */,
			);
			sourceTree = "<group>";
		};
		49C33274246D4F9C00DF1731 /* Products */ = {
			isa = PBXGroup;
			children = (
				49C33273246D4F9C00DF1731 /* My_FinalProject_iOS_homework.app */,
			);
			name = Products;
			sourceTree = "<group>";
		};
		49C33275246D4F9C00DF1731 /* My_FinalProject_iOS_homework */ = {
			isa = PBXGroup;
			children = (
				49C33276246D4F9C00DF1731 /* AppDelegate.swift */,
				49C33278246D4F9C00DF1731 /* SceneDelegate.swift */,
				49C3328C246D6B0A00DF1731 /* VideoRow.swift */,
				49C33294246D828100DF1731 /* SongRow.swift */,
				49B9FBE1247298BA00B3754D /* CoffeeRow.swift */,
				49B9FBE924729E1300B3754D /* PostRow.swift */,
				49C3327A246D4F9C00DF1731 /* ContentView.swift */,
				49B9FBDB24728C7000B3754D /* AppView.swift */,
				49B9FBE52472997100B3754D /* CoffeeMainView.swift */,
				49B9FBED24729F1500B3754D /* PostView.swift */,
				49C33296246D83B200DF1731 /* SongDetail.swift */,
				49B9FBDD247291F400B3754D /* VideoDetail.swift */,
				49B9FBE32472991B00B3754D /* CoffeeDetail.swift */,
				49B9FBEB24729EDB00B3754D /* PostDetail.swift */,
				49C3327C246D4F9F00DF1731 /* Assets.xcassets */,
				49C33281246D4F9F00DF1731 /* LaunchScreen.storyboard */,
				49C33284246D4F9F00DF1731 /* Info.plist */,
				49C3327E246D4F9F00DF1731 /* Preview Content */,
			);
			path = My_FinalProject_iOS_homework;
			sourceTree = "<group>";
		};
		49C3327E246D4F9F00DF1731 /* Preview Content */ = {
			isa = PBXGroup;
			children = (
				49C3327F246D4F9F00DF1731 /* Preview Assets.xcassets */,
			);
			path = "Preview Content";
			sourceTree = "<group>";
		};
/* End PBXGroup section */

/* Begin PBXNativeTarget section */
		49C33272246D4F9C00DF1731 /* My_FinalProject_iOS_homework */ = {
			isa = PBXNativeTarget;
			buildConfigurationList = 49C33287246D4F9F00DF1731 /* Build configuration list for PBXNativeTarget "My_FinalProject_iOS_homework" */;
			buildPhases = (
				49C3326F246D4F9C00DF1731 /* Sources */,
				49C33270246D4F9C00DF1731 /* Frameworks */,
				49C33271246D4F9C00DF1731 /* Resources */,
			);
			buildRules = (
			);
			dependencies = (
			);
			name = My_FinalProject_iOS_homework;
			productName = My_FinalProject_iOS_homework;
			productReference = 49C33273246D4F9C00DF1731 /* My_FinalProject_iOS_homework.app */;
			productType = "com.apple.product-type.application";
		};
/* End PBXNativeTarget section */

/* Begin PBXProject section */
		49C3326B246D4F9C00DF1731 /* Project object */ = {
			isa = PBXProject;
			attributes = {
				LastSwiftUpdateCheck = 1110;
				LastUpgradeCheck = 1110;
				ORGANIZATIONNAME = steven;
				TargetAttributes = {
					49C33272246D4F9C00DF1731 = {
						CreatedOnToolsVersion = 11.1;
					};
				};
			};
			buildConfigurationList = 49C3326E246D4F9C00DF1731 /* Build configuration list for PBXProject "My_FinalProject_iOS_homework" */;
			compatibilityVersion = "Xcode 9.3";
			developmentRegion = en;
			hasScannedForEncodings = 0;
			knownRegions = (
				en,
				Base,
			);
			mainGroup = 49C3326A246D4F9C00DF1731;
			productRefGroup = 49C33274246D4F9C00DF1731 /* Products */;
			projectDirPath = "";
			projectRoot = "";
			targets = (
				49C33272246D4F9C00DF1731 /* My_FinalProject_iOS_homework */,
			);
		};
/* End PBXProject section */

/* Begin PBXResourcesBuildPhase section */
		49C33271246D4F9C00DF1731 /* Resources */ = {
			isa = PBXResourcesBuildPhase;
			buildActionMask = 2147483647;
			files = (
				49C33283246D4F9F00DF1731 /* LaunchScreen.storyboard in Resources */,
				49C33280246D4F9F00DF1731 /* Preview Assets.xcassets in Resources */,
				49C3327D246D4F9F00DF1731 /* Assets.xcassets in Resources */,
			);
			runOnlyForDeploymentPostprocessing = 0;
		};
/* End PBXResourcesBuildPhase section */

/* Begin PBXSourcesBuildPhase section */
		49C3326F246D4F9C00DF1731 /* Sources */ = {
			isa = PBXSourcesBuildPhase;
			buildActionMask = 2147483647;
			files = (
				49C33277246D4F9C00DF1731 /* AppDelegate.swift in Sources */,
				49B9FBDE247291F400B3754D /* VideoDetail.swift in Sources */,
				49B9FBE62472997100B3754D /* CoffeeMainView.swift in Sources */,
				49C3328B246D65E400DF1731 /* video.swift in Sources */,
				49C3328D246D6B0A00DF1731 /* VideoRow.swift in Sources */,
				49C33293246D825100DF1731 /* song.swift in Sources */,
				49C33297246D83B200DF1731 /* SongDetail.swift in Sources */,
				49C33279246D4F9C00DF1731 /* SceneDelegate.swift in Sources */,
				49C33291246D747600DF1731 /* NetworkImage.swift in Sources */,
				49B9FBEE24729F1500B3754D /* PostView.swift in Sources */,
				49C3327B246D4F9C00DF1731 /* ContentView.swift in Sources */,
				49B9FBEC24729EDB00B3754D /* PostDetail.swift in Sources */,
				49B9FBE2247298BA00B3754D /* CoffeeRow.swift in Sources */,
				49B9FBE824729DC700B3754D /* Post.swift in Sources */,
				49B9FBE42472991B00B3754D /* CoffeeDetail.swift in Sources */,
				49B9FBDC24728C7000B3754D /* AppView.swift in Sources */,
				49B9FBEA24729E1300B3754D /* PostRow.swift in Sources */,
				49C33295246D828100DF1731 /* SongRow.swift in Sources */,
				49B9FBE02472980800B3754D /* coffee.swift in Sources */,
			);
			runOnlyForDeploymentPostprocessing = 0;
		};
/* End PBXSourcesBuildPhase section */

/* Begin PBXVariantGroup section */
		49C33281246D4F9F00DF1731 /* LaunchScreen.storyboard */ = {
			isa = PBXVariantGroup;
			children = (
				49C33282246D4F9F00DF1731 /* Base */,
			);
			name = LaunchScreen.storyboard;
			sourceTree = "<group>";
		};
/* End PBXVariantGroup section */

/* Begin XCBuildConfiguration section */
		49C33285246D4F9F00DF1731 /* Debug */ = {
			isa = XCBuildConfiguration;
			buildSettings = {
				ALWAYS_SEARCH_USER_PATHS = NO;
				CLANG_ANALYZER_NONNULL = YES;
				CLANG_ANALYZER_NUMBER_OBJECT_CONVERSION = YES_AGGRESSIVE;
				CLANG_CXX_LANGUAGE_STANDARD = "gnu++14";
				CLANG_CXX_LIBRARY = "libc++";
				CLANG_ENABLE_MODULES = YES;
				CLANG_ENABLE_OBJC_ARC = YES;
				CLANG_ENABLE_OBJC_WEAK = YES;
				CLANG_WARN_BLOCK_CAPTURE_AUTORELEASING = YES;
				CLANG_WARN_BOOL_CONVERSION = YES;
				CLANG_WARN_COMMA = YES;
				CLANG_WARN_CONSTANT_CONVERSION = YES;
				CLANG_WARN_DEPRECATED_OBJC_IMPLEMENTATIONS = YES;
				CLANG_WARN_DIRECT_OBJC_ISA_USAGE = YES_ERROR;
				CLANG_WARN_DOCUMENTATION_COMMENTS = YES;
				CLANG_WARN_EMPTY_BODY = YES;
				CLANG_WARN_ENUM_CONVERSION = YES;
				CLANG_WARN_INFINITE_RECURSION = YES;
				CLANG_WARN_INT_CONVERSION = YES;
				CLANG_WARN_NON_LITERAL_NULL_CONVERSION = YES;
				CLANG_WARN_OBJC_IMPLICIT_RETAIN_SELF = YES;
				CLANG_WARN_OBJC_LITERAL_CONVERSION = YES;
				CLANG_WARN_OBJC_ROOT_CLASS = YES_ERROR;
				CLANG_WARN_RANGE_LOOP_ANALYSIS = YES;
				CLANG_WARN_STRICT_PROTOTYPES = YES;
				CLANG_WARN_SUSPICIOUS_MOVE = YES;
				CLANG_WARN_UNGUARDED_AVAILABILITY = YES_AGGRESSIVE;
				CLANG_WARN_UNREACHABLE_CODE = YES;
				CLANG_WARN__DUPLICATE_METHOD_MATCH = YES;
				COPY_PHASE_STRIP = NO;
				DEBUG_INFORMATION_FORMAT = dwarf;
				ENABLE_STRICT_OBJC_MSGSEND = YES;
				ENABLE_TESTABILITY = YES;
				GCC_C_LANGUAGE_STANDARD = gnu11;
				GCC_DYNAMIC_NO_PIC = NO;
				GCC_NO_COMMON_BLOCKS = YES;
				GCC_OPTIMIZATION_LEVEL = 0;
				GCC_PREPROCESSOR_DEFINITIONS = (
					"DEBUG=1",
					"$(inherited)",
				);
				GCC_WARN_64_TO_32_BIT_CONVERSION = YES;
				GCC_WARN_ABOUT_RETURN_TYPE = YES_ERROR;
				GCC_WARN_UNDECLARED_SELECTOR = YES;
				GCC_WARN_UNINITIALIZED_AUTOS = YES_AGGRESSIVE;
				GCC_WARN_UNUSED_FUNCTION = YES;
				GCC_WARN_UNUSED_VARIABLE = YES;
				IPHONEOS_DEPLOYMENT_TARGET = 13.1;
				MTL_ENABLE_DEBUG_INFO = INCLUDE_SOURCE;
				MTL_FAST_MATH = YES;
				ONLY_ACTIVE_ARCH = YES;
				SDKROOT = iphoneos;
				SWIFT_ACTIVE_COMPILATION_CONDITIONS = DEBUG;
				SWIFT_OPTIMIZATION_LEVEL = "-Onone";
			};
			name = Debug;
		};
		49C33286246D4F9F00DF1731 /* Release */ = {
			isa = XCBuildConfiguration;
			buildSettings = {
				ALWAYS_SEARCH_USER_PATHS = NO;
				CLANG_ANALYZER_NONNULL = YES;
				CLANG_ANALYZER_NUMBER_OBJECT_CONVERSION = YES_AGGRESSIVE;
				CLANG_CXX_LANGUAGE_STANDARD = "gnu++14";
				CLANG_CXX_LIBRARY = "libc++";
				CLANG_ENABLE_MODULES = YES;
				CLANG_ENABLE_OBJC_ARC = YES;
				CLANG_ENABLE_OBJC_WEAK = YES;
				CLANG_WARN_BLOCK_CAPTURE_AUTORELEASING = YES;
				CLANG_WARN_BOOL_CONVERSION = YES;
				CLANG_WARN_COMMA = YES;
				CLANG_WARN_CONSTANT_CONVERSION = YES;
				CLANG_WARN_DEPRECATED_OBJC_IMPLEMENTATIONS = YES;
				CLANG_WARN_DIRECT_OBJC_ISA_USAGE = YES_ERROR;
				CLANG_WARN_DOCUMENTATION_COMMENTS = YES;
				CLANG_WARN_EMPTY_BODY = YES;
				CLANG_WARN_ENUM_CONVERSION = YES;
				CLANG_WARN_INFINITE_RECURSION = YES;
				CLANG_WARN_INT_CONVERSION = YES;
				CLANG_WARN_NON_LITERAL_NULL_CONVERSION = YES;
				CLANG_WARN_OBJC_IMPLICIT_RETAIN_SELF = YES;
				CLANG_WARN_OBJC_LITERAL_CONVERSION = YES;
				CLANG_WARN_OBJC_ROOT_CLASS = YES_ERROR;
				CLANG_WARN_RANGE_LOOP_ANALYSIS = YES;
				CLANG_WARN_STRICT_PROTOTYPES = YES;
				CLANG_WARN_SUSPICIOUS_MOVE = YES;
				CLANG_WARN_UNGUARDED_AVAILABILITY = YES_AGGRESSIVE;
				CLANG_WARN_UNREACHABLE_CODE = YES;
				CLANG_WARN__DUPLICATE_METHOD_MATCH = YES;
				COPY_PHASE_STRIP = NO;
				DEBUG_INFORMATION_FORMAT = "dwarf-with-dsym";
				ENABLE_NS_ASSERTIONS = NO;
				ENABLE_STRICT_OBJC_MSGSEND = YES;
				GCC_C_LANGUAGE_STANDARD = gnu11;
				GCC_NO_COMMON_BLOCKS = YES;
				GCC_WARN_64_TO_32_BIT_CONVERSION = YES;
				GCC_WARN_ABOUT_RETURN_TYPE = YES_ERROR;
				GCC_WARN_UNDECLARED_SELECTOR = YES;
				GCC_WARN_UNINITIALIZED_AUTOS = YES_AGGRESSIVE;
				GCC_WARN_UNUSED_FUNCTION = YES;
				GCC_WARN_UNUSED_VARIABLE = YES;
				IPHONEOS_DEPLOYMENT_TARGET = 13.1;
				MTL_ENABLE_DEBUG_INFO = NO;
				MTL_FAST_MATH = YES;
				SDKROOT = iphoneos;
				SWIFT_COMPILATION_MODE = wholemodule;
				SWIFT_OPTIMIZATION_LEVEL = "-O";
				VALIDATE_PRODUCT = YES;
			};
			name = Release;
		};
		49C33288246D4F9F00DF1731 /* Debug */ = {
			isa = XCBuildConfiguration;
			buildSettings = {
				ASSETCATALOG_COMPILER_APPICON_NAME = AppIcon;
				CODE_SIGN_STYLE = Automatic;
				DEVELOPMENT_ASSET_PATHS = "\"My_FinalProject_iOS_homework/Preview Content\"";
				ENABLE_PREVIEWS = YES;
				INFOPLIST_FILE = My_FinalProject_iOS_homework/Info.plist;
				LD_RUNPATH_SEARCH_PATHS = (
					"$(inherited)",
					"@executable_path/Frameworks",
				);
				PRODUCT_BUNDLE_IDENTIFIER = "com.steven.My-FinalProject-iOS-homework";
				PRODUCT_NAME = "$(TARGET_NAME)";
				SWIFT_VERSION = 5.0;
				TARGETED_DEVICE_FAMILY = "1,2";
			};
			name = Debug;
		};
		49C33289246D4F9F00DF1731 /* Release */ = {
			isa = XCBuildConfiguration;
			buildSettings = {
				ASSETCATALOG_COMPILER_APPICON_NAME = AppIcon;
				CODE_SIGN_STYLE = Automatic;
				DEVELOPMENT_ASSET_PATHS = "\"My_FinalProject_iOS_homework/Preview Content\"";
				ENABLE_PREVIEWS = YES;
				INFOPLIST_FILE = My_FinalProject_iOS_homework/Info.plist;
				LD_RUNPATH_SEARCH_PATHS = (
					"$(inherited)",
					"@executable_path/Frameworks",
				);
				PRODUCT_BUNDLE_IDENTIFIER = "com.steven.My-FinalProject-iOS-homework";
				PRODUCT_NAME = "$(TARGET_NAME)";
				SWIFT_VERSION = 5.0;
				TARGETED_DEVICE_FAMILY = "1,2";
			};
			name = Release;
		};
/* End XCBuildConfiguration section */

/* Begin XCConfigurationList section */
		49C3326E246D4F9C00DF1731 /* Build configuration list for PBXProject "My_FinalProject_iOS_homework" */ = {
			isa = XCConfigurationList;
			buildConfigurations = (
				49C33285246D4F9F00DF1731 /* Debug */,
				49C33286246D4F9F00DF1731 /* Release */,
			);
			defaultConfigurationIsVisible = 0;
			defaultConfigurationName = Release;
		};
		49C33287246D4F9F00DF1731 /* Build configuration list for PBXNativeTarget "My_FinalProject_iOS_homework" */ = {
			isa = XCConfigurationList;
			buildConfigurations = (
				49C33288246D4F9F00DF1731 /* Debug */,
				49C33289246D4F9F00DF1731 /* Release */,
			);
			defaultConfigurationIsVisible = 0;
			defaultConfigurationName = Release;
		};
/* End XCConfigurationList section */
	};
	rootObject = 49C3326B246D4F9C00DF1731 /* Project object */;
}
